
Microsoft Visual Studio Solution File, Format Version 12.00
# Visual Studio Version 17
VisualStudioVersion = 17.4.33110.190
MinimumVisualStudioVersion = 10.0.40219.1
Project("{FAE04EC0-301F-11D3-BF4B-00C04F79EFBC}") = "Prova 3° Bimestre", "Prova 3° Bimestre\Prova 3° Bimestre.csproj", "{FFD490C1-CDFA-470B-B274-C29CD739534F}"
EndProject
Global
	GlobalSection(SolutionConfigurationPlatforms) = preSolution
		Debug|Any CPU = Debug|Any CPU
		Release|Any CPU = Release|Any CPU
	EndGlobalSection
	GlobalSection(ProjectConfigurationPlatforms) = postSolution
		{FFD490C1-CDFA-470B-B274-C29CD739534F}.Debug|Any CPU.ActiveCfg = Debug|Any CPU
		{FFD490C1-CDFA-470B-B274-C29CD739534F}.Debug|Any CPU.Build.0 = Debug|Any CPU
		{FFD490C1-CDFA-470B-B274-C29CD739534F}.Release|Any CPU.ActiveCfg = Release|Any CPU
		{FFD490C1-CDFA-470B-B274-C29CD739534F}.Release|Any CPU.Build.0 = Release|Any CPU
	EndGlobalSection
	GlobalSection(SolutionProperties) = preSolution
		HideSolutionNode = FALSE
	EndGlobalSection
	GlobalSection(ExtensibilityGlobals) = postSolution
		SolutionGuid = {395D4D6C-A6FB-425D-A541-53751D918E89}
	EndGlobalSection
EndGlobal
